
Microsoft Visual Studio Solution File, Format Version 12.00
# Visual Studio Version 17
VisualStudioVersion = 17.6.33717.318
MinimumVisualStudioVersion = 10.0.40219.1
Project("{9A19103F-16F7-4668-BE54-9A1E7A4F7556}") = "ApiEndpoint", "ApiEndpoint\ApiEndpoint.csproj", "{1F454543-D45C-4B7C-8E5F-4B8037997382}"
EndProject
Project("{9A19103F-16F7-4668-BE54-9A1E7A4F7556}") = "MovieAPI", "Webapi1\MovieAPI.csproj", "{136B0F06-F166-4D34-AB65-13F5698E7814}"
EndProject
Global
	GlobalSection(SolutionConfigurationPlatforms) = preSolution
		Debug|Any CPU = Debug|Any CPU
		Release|Any CPU = Release|Any CPU
	EndGlobalSection
	GlobalSection(ProjectConfigurationPlatforms) = postSolution
		{1F454543-D45C-4B7C-8E5F-4B8037997382}.Debug|Any CPU.ActiveCfg = Debug|Any CPU
		{1F454543-D45C-4B7C-8E5F-4B8037997382}.Debug|Any CPU.Build.0 = Debug|Any CPU
		{1F454543-D45C-4B7C-8E5F-4B8037997382}.Release|Any CPU.ActiveCfg = Release|Any CPU
		{1F454543-D45C-4B7C-8E5F-4B8037997382}.Release|Any CPU.Build.0 = Release|Any CPU
		{136B0F06-F166-4D34-AB65-13F5698E7814}.Debug|Any CPU.ActiveCfg = Debug|Any CPU
		{136B0F06-F166-4D34-AB65-13F5698E7814}.Debug|Any CPU.Build.0 = Debug|Any CPU
		{136B0F06-F166-4D34-AB65-13F5698E7814}.Release|Any CPU.ActiveCfg = Release|Any CPU
		{136B0F06-F166-4D34-AB65-13F5698E7814}.Release|Any CPU.Build.0 = Release|Any CPU
	EndGlobalSection
	GlobalSection(SolutionProperties) = preSolution
		HideSolutionNode = FALSE
	EndGlobalSection
	GlobalSection(ExtensibilityGlobals) = postSolution
		SolutionGuid = {D0DC897E-A484-4BD2-852D-A77CE1A09EF2}
	EndGlobalSection
EndGlobal
